
Microsoft Visual Studio Solution File, Format Version 12.00
# Visual Studio 2015
Project("{FAE04EC0-301F-11D3-BF4B-00C04F79EFBC}") = "Dance Game V6.CSharp.Plugins", "Dance Game V6.CSharp.Plugins.csproj", "{0C4E24ED-7C1F-6CC7-70C4-8FE4DEB59CBA}"
EndProject
Project("{FAE04EC0-301F-11D3-BF4B-00C04F79EFBC}") = "Dance Game V6.CSharp", "Dance Game V6.CSharp.csproj", "{55125834-83FC-7342-1975-EBF4D9C92D89}"
EndProject
Project("{FAE04EC0-301F-11D3-BF4B-00C04F79EFBC}") = "Dance Game V6.CSharp.Editor.Plugins", "Dance Game V6.CSharp.Editor.Plugins.csproj", "{D7D18FED-269C-1EDD-5BEF-BCEBB213E202}"
EndProject
Global
	GlobalSection(SolutionConfigurationPlatforms) = preSolution
		Debug|Any CPU = Debug|Any CPU
		Release|Any CPU = Release|Any CPU
	EndGlobalSection
	GlobalSection(ProjectConfigurationPlatforms) = postSolution
		{0C4E24ED-7C1F-6CC7-70C4-8FE4DEB59CBA}.Debug|Any CPU.ActiveCfg = Debug|Any CPU
		{0C4E24ED-7C1F-6CC7-70C4-8FE4DEB59CBA}.Debug|Any CPU.Build.0 = Debug|Any CPU
		{0C4E24ED-7C1F-6CC7-70C4-8FE4DEB59CBA}.Release|Any CPU.ActiveCfg = Release|Any CPU
		{0C4E24ED-7C1F-6CC7-70C4-8FE4DEB59CBA}.Release|Any CPU.Build.0 = Release|Any CPU
		{55125834-83FC-7342-1975-EBF4D9C92D89}.Debug|Any CPU.ActiveCfg = Debug|Any CPU
		{55125834-83FC-7342-1975-EBF4D9C92D89}.Debug|Any CPU.Build.0 = Debug|Any CPU
		{55125834-83FC-7342-1975-EBF4D9C92D89}.Release|Any CPU.ActiveCfg = Release|Any CPU
		{55125834-83FC-7342-1975-EBF4D9C92D89}.Release|Any CPU.Build.0 = Release|Any CPU
		{D7D18FED-269C-1EDD-5BEF-BCEBB213E202}.Debug|Any CPU.ActiveCfg = Debug|Any CPU
		{D7D18FED-269C-1EDD-5BEF-BCEBB213E202}.Debug|Any CPU.Build.0 = Debug|Any CPU
		{D7D18FED-269C-1EDD-5BEF-BCEBB213E202}.Release|Any CPU.ActiveCfg = Release|Any CPU
		{D7D18FED-269C-1EDD-5BEF-BCEBB213E202}.Release|Any CPU.Build.0 = Release|Any CPU
	EndGlobalSection
	GlobalSection(SolutionProperties) = preSolution
		HideSolutionNode = FALSE
	EndGlobalSection
EndGlobal
