
Microsoft Visual Studio Solution File, Format Version 12.00
# Visual Studio 2015
Project("{FAE04EC0-301F-11D3-BF4B-00C04F79EFBC}") = "Dance Game V4.CSharp.Plugins", "Dance Game V4.CSharp.Plugins.csproj", "{E1D72934-68AF-60BA-5978-ABB38BCC3AAD}"
EndProject
Project("{FAE04EC0-301F-11D3-BF4B-00C04F79EFBC}") = "Dance Game V4.CSharp", "Dance Game V4.CSharp.csproj", "{D52126B6-64EA-45E6-8E8E-68EFBAD72EBF}"
EndProject
Project("{FAE04EC0-301F-11D3-BF4B-00C04F79EFBC}") = "Dance Game V4.CSharp.Editor.Plugins", "Dance Game V4.CSharp.Editor.Plugins.csproj", "{0D4F0A67-43CD-A9F0-A918-06840F371908}"
EndProject
Global
	GlobalSection(SolutionConfigurationPlatforms) = preSolution
		Debug|Any CPU = Debug|Any CPU
		Release|Any CPU = Release|Any CPU
	EndGlobalSection
	GlobalSection(ProjectConfigurationPlatforms) = postSolution
		{E1D72934-68AF-60BA-5978-ABB38BCC3AAD}.Debug|Any CPU.ActiveCfg = Debug|Any CPU
		{E1D72934-68AF-60BA-5978-ABB38BCC3AAD}.Debug|Any CPU.Build.0 = Debug|Any CPU
		{E1D72934-68AF-60BA-5978-ABB38BCC3AAD}.Release|Any CPU.ActiveCfg = Release|Any CPU
		{E1D72934-68AF-60BA-5978-ABB38BCC3AAD}.Release|Any CPU.Build.0 = Release|Any CPU
		{D52126B6-64EA-45E6-8E8E-68EFBAD72EBF}.Debug|Any CPU.ActiveCfg = Debug|Any CPU
		{D52126B6-64EA-45E6-8E8E-68EFBAD72EBF}.Debug|Any CPU.Build.0 = Debug|Any CPU
		{D52126B6-64EA-45E6-8E8E-68EFBAD72EBF}.Release|Any CPU.ActiveCfg = Release|Any CPU
		{D52126B6-64EA-45E6-8E8E-68EFBAD72EBF}.Release|Any CPU.Build.0 = Release|Any CPU
		{0D4F0A67-43CD-A9F0-A918-06840F371908}.Debug|Any CPU.ActiveCfg = Debug|Any CPU
		{0D4F0A67-43CD-A9F0-A918-06840F371908}.Debug|Any CPU.Build.0 = Debug|Any CPU
		{0D4F0A67-43CD-A9F0-A918-06840F371908}.Release|Any CPU.ActiveCfg = Release|Any CPU
		{0D4F0A67-43CD-A9F0-A918-06840F371908}.Release|Any CPU.Build.0 = Release|Any CPU
	EndGlobalSection
	GlobalSection(SolutionProperties) = preSolution
		HideSolutionNode = FALSE
	EndGlobalSection
EndGlobal
