
Microsoft Visual Studio Solution File, Format Version 12.00
# Visual Studio 2015
Project("{FAE04EC0-301F-11D3-BF4B-00C04F79EFBC}") = "Dance Game V7.CSharp.Plugins", "Dance Game V7.CSharp.Plugins.csproj", "{049885B4-EC12-2973-5E23-19C3F48757C3}"
EndProject
Project("{FAE04EC0-301F-11D3-BF4B-00C04F79EFBC}") = "Dance Game V7.CSharp", "Dance Game V7.CSharp.csproj", "{99EBD5BB-EC1B-9771-7B36-F7480148E7EE}"
EndProject
Project("{FAE04EC0-301F-11D3-BF4B-00C04F79EFBC}") = "Dance Game V7.CSharp.Editor.Plugins", "Dance Game V7.CSharp.Editor.Plugins.csproj", "{768BAD89-74AE-9558-C81E-9B1CD9F39A3A}"
EndProject
Global
	GlobalSection(SolutionConfigurationPlatforms) = preSolution
		Debug|Any CPU = Debug|Any CPU
		Release|Any CPU = Release|Any CPU
	EndGlobalSection
	GlobalSection(ProjectConfigurationPlatforms) = postSolution
		{049885B4-EC12-2973-5E23-19C3F48757C3}.Debug|Any CPU.ActiveCfg = Debug|Any CPU
		{049885B4-EC12-2973-5E23-19C3F48757C3}.Debug|Any CPU.Build.0 = Debug|Any CPU
		{049885B4-EC12-2973-5E23-19C3F48757C3}.Release|Any CPU.ActiveCfg = Release|Any CPU
		{049885B4-EC12-2973-5E23-19C3F48757C3}.Release|Any CPU.Build.0 = Release|Any CPU
		{99EBD5BB-EC1B-9771-7B36-F7480148E7EE}.Debug|Any CPU.ActiveCfg = Debug|Any CPU
		{99EBD5BB-EC1B-9771-7B36-F7480148E7EE}.Debug|Any CPU.Build.0 = Debug|Any CPU
		{99EBD5BB-EC1B-9771-7B36-F7480148E7EE}.Release|Any CPU.ActiveCfg = Release|Any CPU
		{99EBD5BB-EC1B-9771-7B36-F7480148E7EE}.Release|Any CPU.Build.0 = Release|Any CPU
		{768BAD89-74AE-9558-C81E-9B1CD9F39A3A}.Debug|Any CPU.ActiveCfg = Debug|Any CPU
		{768BAD89-74AE-9558-C81E-9B1CD9F39A3A}.Debug|Any CPU.Build.0 = Debug|Any CPU
		{768BAD89-74AE-9558-C81E-9B1CD9F39A3A}.Release|Any CPU.ActiveCfg = Release|Any CPU
		{768BAD89-74AE-9558-C81E-9B1CD9F39A3A}.Release|Any CPU.Build.0 = Release|Any CPU
	EndGlobalSection
	GlobalSection(SolutionProperties) = preSolution
		HideSolutionNode = FALSE
	EndGlobalSection
EndGlobal
